
Microsoft Visual Studio Solution File, Format Version 12.00
# Visual Studio Version 16
VisualStudioVersion = 16.0.30204.135
MinimumVisualStudioVersion = 10.0.40219.1
Project("{FAE04EC0-301F-11D3-BF4B-00C04F79EFBC}") = "MorseMP3", "MorseMP3.csproj", "{C2CF8BDB-D590-4217-8665-5A92D32F0877}"
EndProject
Global
	GlobalSection(SolutionConfigurationPlatforms) = preSolution
		Debug|Any CPU = Debug|Any CPU
		Release|Any CPU = Release|Any CPU
	EndGlobalSection
	GlobalSection(ProjectConfigurationPlatforms) = postSolution
		{C2CF8BDB-D590-4217-8665-5A92D32F0877}.Debug|Any CPU.ActiveCfg = Debug|Any CPU
		{C2CF8BDB-D590-4217-8665-5A92D32F0877}.Debug|Any CPU.Build.0 = Debug|Any CPU
		{C2CF8BDB-D590-4217-8665-5A92D32F0877}.Release|Any CPU.ActiveCfg = Release|Any CPU
		{C2CF8BDB-D590-4217-8665-5A92D32F0877}.Release|Any CPU.Build.0 = Release|Any CPU
	EndGlobalSection
	GlobalSection(SolutionProperties) = preSolution
		HideSolutionNode = FALSE
	EndGlobalSection
	GlobalSection(ExtensibilityGlobals) = postSolution
		SolutionGuid = {8697D0B5-5A4F-4BAB-A8EE-A99600B6D42A}
	EndGlobalSection
EndGlobal
